
Microsoft Visual Studio Solution File, Format Version 12.00
# Visual Studio Version 16
VisualStudioVersion = 16.0.31205.134
MinimumVisualStudioVersion = 10.0.40219.1
Project("{FAE04EC0-301F-11D3-BF4B-00C04F79EFBC}") = "SwaggerDemo", "SwaggerDemo\SwaggerDemo.csproj", "{BAE465D1-C57C-45B4-B0B9-366B2A508E08}"
EndProject
Global
	GlobalSection(SolutionConfigurationPlatforms) = preSolution
		Debug|Any CPU = Debug|Any CPU
		Release|Any CPU = Release|Any CPU
	EndGlobalSection
	GlobalSection(ProjectConfigurationPlatforms) = postSolution
		{BAE465D1-C57C-45B4-B0B9-366B2A508E08}.Debug|Any CPU.ActiveCfg = Debug|Any CPU
		{BAE465D1-C57C-45B4-B0B9-366B2A508E08}.Debug|Any CPU.Build.0 = Debug|Any CPU
		{BAE465D1-C57C-45B4-B0B9-366B2A508E08}.Release|Any CPU.ActiveCfg = Release|Any CPU
		{BAE465D1-C57C-45B4-B0B9-366B2A508E08}.Release|Any CPU.Build.0 = Release|Any CPU
	EndGlobalSection
	GlobalSection(SolutionProperties) = preSolution
		HideSolutionNode = FALSE
	EndGlobalSection
	GlobalSection(ExtensibilityGlobals) = postSolution
		SolutionGuid = {3E5737A8-B5E7-4405-8C56-6EE021133818}
	EndGlobalSection
EndGlobal
